// !$*UTF8*$!
{
	archiveVersion = 1;
	classes = {
	};
	objectVersion = 56;
	objects = {

/* Begin PBXBuildFile section */
		27FFE5142CD1CC35004E6261 /* ParrasDevApp.swift in Sources */ = {isa = PBXBuildFile; fileRef = 27FFE5132CD1CC35004E6261 /* ParrasDevApp.swift */; };
		27FFE5182CD1CC37004E6261 /* Assets.xcassets in Resources */ = {isa = PBXBuildFile; fileRef = 27FFE5172CD1CC37004E6261 /* Assets.xcassets */; };
		27FFE51B2CD1CC37004E6261 /* Preview Assets.xcassets in Resources */ = {isa = PBXBuildFile; fileRef = 27FFE51A2CD1CC37004E6261 /* Preview Assets.xcassets */; };
		27FFE5252CD1CC37004E6261 /* ParrasDevTests.swift in Sources */ = {isa = PBXBuildFile; fileRef = 27FFE5242CD1CC37004E6261 /* ParrasDevTests.swift */; };
		27FFE52F2CD1CC37004E6261 /* ParrasDevUITests.swift in Sources */ = {isa = PBXBuildFile; fileRef = 27FFE52E2CD1CC37004E6261 /* ParrasDevUITests.swift */; };
		27FFE5312CD1CC37004E6261 /* ParrasDevUITestsLaunchTests.swift in Sources */ = {isa = PBXBuildFile; fileRef = 27FFE5302CD1CC37004E6261 /* ParrasDevUITestsLaunchTests.swift */; };
		27FFE53F2CD1CCF0004E6261 /* FirebaseAuth in Frameworks */ = {isa = PBXBuildFile; productRef = 27FFE53E2CD1CCF0004E6261 /* FirebaseAuth */; };
		27FFE5412CD1CDEE004E6261 /* RegisterView.swift in Sources */ = {isa = PBXBuildFile; fileRef = 27FFE5402CD1CDEE004E6261 /* RegisterView.swift */; };
		27FFE5432CD1CE16004E6261 /* LoginView.swift in Sources */ = {isa = PBXBuildFile; fileRef = 27FFE5422CD1CE16004E6261 /* LoginView.swift */; };
		27FFE5462CD35DD5004E6261 /* FirebaseCore in Frameworks */ = {isa = PBXBuildFile; productRef = 27FFE5452CD35DD5004E6261 /* FirebaseCore */; };
		27FFE5482CD35E6E004E6261 /* MainView.swift in Sources */ = {isa = PBXBuildFile; fileRef = 27FFE5472CD35E6E004E6261 /* MainView.swift */; };
		27FFE5532CD364FE004E6261 /* FirebaseAnalytics in Frameworks */ = {isa = PBXBuildFile; productRef = 27FFE5522CD364FE004E6261 /* FirebaseAnalytics */; };
		27FFE5552CD364FE004E6261 /* FirebaseAnalyticsWithoutAdIdSupport in Frameworks */ = {isa = PBXBuildFile; productRef = 27FFE5542CD364FE004E6261 /* FirebaseAnalyticsWithoutAdIdSupport */; };
		27FFE5572CD36681004E6261 /* GoogleService-Info.plist in Resources */ = {isa = PBXBuildFile; fileRef = 27FFE5562CD36681004E6261 /* GoogleService-Info.plist */; };
/* End PBXBuildFile section */

/* Begin PBXContainerItemProxy section */
		27FFE5212CD1CC37004E6261 /* PBXContainerItemProxy */ = {
			isa = PBXContainerItemProxy;
			containerPortal = 27FFE5082CD1CC35004E6261 /* Project object */;
			proxyType = 1;
			remoteGlobalIDString = 27FFE50F2CD1CC35004E6261;
			remoteInfo = ParrasDev;
		};
		27FFE52B2CD1CC37004E6261 /* PBXContainerItemProxy */ = {
			isa = PBXContainerItemProxy;
			containerPortal = 27FFE5082CD1CC35004E6261 /* Project object */;
			proxyType = 1;
			remoteGlobalIDString = 27FFE50F2CD1CC35004E6261;
			remoteInfo = ParrasDev;
		};
/* End PBXContainerItemProxy section */

/* Begin PBXFileReference section */
		27FFE5102CD1CC35004E6261 /* ParrasDev.app */ = {isa = PBXFileReference; explicitFileType = wrapper.application; includeInIndex = 0; path = ParrasDev.app; sourceTree = BUILT_PRODUCTS_DIR; };
		27FFE5132CD1CC35004E6261 /* ParrasDevApp.swift */ = {isa = PBXFileReference; lastKnownFileType = sourcecode.swift; path = ParrasDevApp.swift; sourceTree = "<group>"; };
		27FFE5172CD1CC37004E6261 /* Assets.xcassets */ = {isa = PBXFileReference; lastKnownFileType = folder.assetcatalog; path = Assets.xcassets; sourceTree = "<group>"; };
		27FFE51A2CD1CC37004E6261 /* Preview Assets.xcassets */ = {isa = PBXFileReference; lastKnownFileType = folder.assetcatalog; path = "Preview Assets.xcassets"; sourceTree = "<group>"; };
		27FFE5202CD1CC37004E6261 /* ParrasDevTests.xctest */ = {isa = PBXFileReference; explicitFileType = wrapper.cfbundle; includeInIndex = 0; path = ParrasDevTests.xctest; sourceTree = BUILT_PRODUCTS_DIR; };
		27FFE5242CD1CC37004E6261 /* ParrasDevTests.swift */ = {isa = PBXFileReference; lastKnownFileType = sourcecode.swift; path = ParrasDevTests.swift; sourceTree = "<group>"; };
		27FFE52A2CD1CC37004E6261 /* ParrasDevUITests.xctest */ = {isa = PBXFileReference; explicitFileType = wrapper.cfbundle; includeInIndex = 0; path = ParrasDevUITests.xctest; sourceTree = BUILT_PRODUCTS_DIR; };
		27FFE52E2CD1CC37004E6261 /* ParrasDevUITests.swift */ = {isa = PBXFileReference; lastKnownFileType = sourcecode.swift; path = ParrasDevUITests.swift; sourceTree = "<group>"; };
		27FFE5302CD1CC37004E6261 /* ParrasDevUITestsLaunchTests.swift */ = {isa = PBXFileReference; lastKnownFileType = sourcecode.swift; path = ParrasDevUITestsLaunchTests.swift; sourceTree = "<group>"; };
		27FFE5402CD1CDEE004E6261 /* RegisterView.swift */ = {isa = PBXFileReference; lastKnownFileType = sourcecode.swift; path = RegisterView.swift; sourceTree = "<group>"; };
		27FFE5422CD1CE16004E6261 /* LoginView.swift */ = {isa = PBXFileReference; lastKnownFileType = sourcecode.swift; path = LoginView.swift; sourceTree = "<group>"; };
		27FFE5472CD35E6E004E6261 /* MainView.swift */ = {isa = PBXFileReference; lastKnownFileType = sourcecode.swift; path = MainView.swift; sourceTree = "<group>"; };
		27FFE5562CD36681004E6261 /* GoogleService-Info.plist */ = {isa = PBXFileReference; fileEncoding = 4; lastKnownFileType = text.plist.xml; name = "GoogleService-Info.plist"; path = "../../GoogleService-Info.plist"; sourceTree = "<group>"; };
/* End PBXFileReference section */

/* Begin PBXFrameworksBuildPhase section */
		27FFE50D2CD1CC35004E6261 /* Frameworks */ = {
			isa = PBXFrameworksBuildPhase;
			buildActionMask = 2147483647;
			files = (
				27FFE5462CD35DD5004E6261 /* FirebaseCore in Frameworks */,
				27FFE53F2CD1CCF0004E6261 /* FirebaseAuth in Frameworks */,
				27FFE5532CD364FE004E6261 /* FirebaseAnalytics in Frameworks */,
				27FFE5552CD364FE004E6261 /* FirebaseAnalyticsWithoutAdIdSupport in Frameworks */,
			);
			runOnlyForDeploymentPostprocessing = 0;
		};
		27FFE51D2CD1CC37004E6261 /* Frameworks */ = {
			isa = PBXFrameworksBuildPhase;
			buildActionMask = 2147483647;
			files = (
			);
			runOnlyForDeploymentPostprocessing = 0;
		};
		27FFE5272CD1CC37004E6261 /* Frameworks */ = {
			isa = PBXFrameworksBuildPhase;
			buildActionMask = 2147483647;
			files = (
			);
			runOnlyForDeploymentPostprocessing = 0;
		};
/* End PBXFrameworksBuildPhase section */

/* Begin PBXGroup section */
		27FFE5072CD1CC35004E6261 = {
			isa = PBXGroup;
			children = (
				27FFE5122CD1CC35004E6261 /* ParrasDev */,
				27FFE5232CD1CC37004E6261 /* ParrasDevTests */,
				27FFE52D2CD1CC37004E6261 /* ParrasDevUITests */,
				27FFE5112CD1CC35004E6261 /* Products */,
			);
			sourceTree = "<group>";
		};
		27FFE5112CD1CC35004E6261 /* Products */ = {
			isa = PBXGroup;
			children = (
				27FFE5102CD1CC35004E6261 /* ParrasDev.app */,
				27FFE5202CD1CC37004E6261 /* ParrasDevTests.xctest */,
				27FFE52A2CD1CC37004E6261 /* ParrasDevUITests.xctest */,
			);
			name = Products;
			sourceTree = "<group>";
		};
		27FFE5122CD1CC35004E6261 /* ParrasDev */ = {
			isa = PBXGroup;
			children = (
				27FFE5562CD36681004E6261 /* GoogleService-Info.plist */,
				27FFE5132CD1CC35004E6261 /* ParrasDevApp.swift */,
				27FFE5172CD1CC37004E6261 /* Assets.xcassets */,
				27FFE5192CD1CC37004E6261 /* Preview Content */,
				27FFE5402CD1CDEE004E6261 /* RegisterView.swift */,
				27FFE5422CD1CE16004E6261 /* LoginView.swift */,
				27FFE5472CD35E6E004E6261 /* MainView.swift */,
			);
			path = ParrasDev;
			sourceTree = "<group>";
		};
		27FFE5192CD1CC37004E6261 /* Preview Content */ = {
			isa = PBXGroup;
			children = (
				27FFE51A2CD1CC37004E6261 /* Preview Assets.xcassets */,
			);
			path = "Preview Content";
			sourceTree = "<group>";
		};
		27FFE5232CD1CC37004E6261 /* ParrasDevTests */ = {
			isa = PBXGroup;
			children = (
				27FFE5242CD1CC37004E6261 /* ParrasDevTests.swift */,
			);
			path = ParrasDevTests;
			sourceTree = "<group>";
		};
		27FFE52D2CD1CC37004E6261 /* ParrasDevUITests */ = {
			isa = PBXGroup;
			children = (
				27FFE52E2CD1CC37004E6261 /* ParrasDevUITests.swift */,
				27FFE5302CD1CC37004E6261 /* ParrasDevUITestsLaunchTests.swift */,
			);
			path = ParrasDevUITests;
			sourceTree = "<group>";
		};
/* End PBXGroup section */

/* Begin PBXNativeTarget section */
		27FFE50F2CD1CC35004E6261 /* ParrasDev */ = {
			isa = PBXNativeTarget;
			buildConfigurationList = 27FFE5342CD1CC37004E6261 /* Build configuration list for PBXNativeTarget "ParrasDev" */;
			buildPhases = (
				27FFE50C2CD1CC35004E6261 /* Sources */,
				27FFE50D2CD1CC35004E6261 /* Frameworks */,
				27FFE50E2CD1CC35004E6261 /* Resources */,
			);
			buildRules = (
			);
			dependencies = (
			);
			name = ParrasDev;
			packageProductDependencies = (
				27FFE53E2CD1CCF0004E6261 /* FirebaseAuth */,
				27FFE5452CD35DD5004E6261 /* FirebaseCore */,
				27FFE5522CD364FE004E6261 /* FirebaseAnalytics */,
				27FFE5542CD364FE004E6261 /* FirebaseAnalyticsWithoutAdIdSupport */,
			);
			productName = ParrasDev;
			productReference = 27FFE5102CD1CC35004E6261 /* ParrasDev.app */;
			productType = "com.apple.product-type.application";
		};
		27FFE51F2CD1CC37004E6261 /* ParrasDevTests */ = {
			isa = PBXNativeTarget;
			buildConfigurationList = 27FFE5372CD1CC37004E6261 /* Build configuration list for PBXNativeTarget "ParrasDevTests" */;
			buildPhases = (
				27FFE51C2CD1CC37004E6261 /* Sources */,
				27FFE51D2CD1CC37004E6261 /* Frameworks */,
				27FFE51E2CD1CC37004E6261 /* Resources */,
			);
			buildRules = (
			);
			dependencies = (
				27FFE5222CD1CC37004E6261 /* PBXTargetDependency */,
			);
			name = ParrasDevTests;
			productName = ParrasDevTests;
			productReference = 27FFE5202CD1CC37004E6261 /* ParrasDevTests.xctest */;
			productType = "com.apple.product-type.bundle.unit-test";
		};
		27FFE5292CD1CC37004E6261 /* ParrasDevUITests */ = {
			isa = PBXNativeTarget;
			buildConfigurationList = 27FFE53A2CD1CC37004E6261 /* Build configuration list for PBXNativeTarget "ParrasDevUITests" */;
			buildPhases = (
				27FFE5262CD1CC37004E6261 /* Sources */,
				27FFE5272CD1CC37004E6261 /* Frameworks */,
				27FFE5282CD1CC37004E6261 /* Resources */,
			);
			buildRules = (
			);
			dependencies = (
				27FFE52C2CD1CC37004E6261 /* PBXTargetDependency */,
			);
			name = ParrasDevUITests;
			productName = ParrasDevUITests;
			productReference = 27FFE52A2CD1CC37004E6261 /* ParrasDevUITests.xctest */;
			productType = "com.apple.product-type.bundle.ui-testing";
		};
/* End PBXNativeTarget section */

/* Begin PBXProject section */
		27FFE5082CD1CC35004E6261 /* Project object */ = {
			isa = PBXProject;
			attributes = {
				BuildIndependentTargetsInParallel = 1;
				LastSwiftUpdateCheck = 1540;
				LastUpgradeCheck = 1540;
				TargetAttributes = {
					27FFE50F2CD1CC35004E6261 = {
						CreatedOnToolsVersion = 15.4;
					};
					27FFE51F2CD1CC37004E6261 = {
						CreatedOnToolsVersion = 15.4;
						TestTargetID = 27FFE50F2CD1CC35004E6261;
					};
					27FFE5292CD1CC37004E6261 = {
						CreatedOnToolsVersion = 15.4;
						TestTargetID = 27FFE50F2CD1CC35004E6261;
					};
				};
			};
			buildConfigurationList = 27FFE50B2CD1CC35004E6261 /* Build configuration list for PBXProject "ParrasDev" */;
			compatibilityVersion = "Xcode 14.0";
			developmentRegion = en;
			hasScannedForEncodings = 0;
			knownRegions = (
				en,
				Base,
			);
			mainGroup = 27FFE5072CD1CC35004E6261;
			packageReferences = (
				27FFE53D2CD1CCF0004E6261 /* XCRemoteSwiftPackageReference "firebase-ios-sdk" */,
			);
			productRefGroup = 27FFE5112CD1CC35004E6261 /* Products */;
			projectDirPath = "";
			projectRoot = "";
			targets = (
				27FFE50F2CD1CC35004E6261 /* ParrasDev */,
				27FFE51F2CD1CC37004E6261 /* ParrasDevTests */,
				27FFE5292CD1CC37004E6261 /* ParrasDevUITests */,
			);
		};
/* End PBXProject section */

/* Begin PBXResourcesBuildPhase section */
		27FFE50E2CD1CC35004E6261 /* Resources */ = {
			isa = PBXResourcesBuildPhase;
			buildActionMask = 2147483647;
			files = (
				27FFE51B2CD1CC37004E6261 /* Preview Assets.xcassets in Resources */,
				27FFE5182CD1CC37004E6261 /* Assets.xcassets in Resources */,
				27FFE5572CD36681004E6261 /* GoogleService-Info.plist in Resources */,
			);
			runOnlyForDeploymentPostprocessing = 0;
		};
		27FFE51E2CD1CC37004E6261 /* Resources */ = {
			isa = PBXResourcesBuildPhase;
			buildActionMask = 2147483647;
			files = (
			);
			runOnlyForDeploymentPostprocessing = 0;
		};
		27FFE5282CD1CC37004E6261 /* Resources */ = {
			isa = PBXResourcesBuildPhase;
			buildActionMask = 2147483647;
			files = (
			);
			runOnlyForDeploymentPostprocessing = 0;
		};
/* End PBXResourcesBuildPhase section */

/* Begin PBXSourcesBuildPhase section */
		27FFE50C2CD1CC35004E6261 /* Sources */ = {
			isa = PBXSourcesBuildPhase;
			buildActionMask = 2147483647;
			files = (
				27FFE5412CD1CDEE004E6261 /* RegisterView.swift in Sources */,
				27FFE5432CD1CE16004E6261 /* LoginView.swift in Sources */,
				27FFE5482CD35E6E004E6261 /* MainView.swift in Sources */,
				27FFE5142CD1CC35004E6261 /* ParrasDevApp.swift in Sources */,
			);
			runOnlyForDeploymentPostprocessing = 0;
		};
		27FFE51C2CD1CC37004E6261 /* Sources */ = {
			isa = PBXSourcesBuildPhase;
			buildActionMask = 2147483647;
			files = (
				27FFE5252CD1CC37004E6261 /* ParrasDevTests.swift in Sources */,
			);
			runOnlyForDeploymentPostprocessing = 0;
		};
		27FFE5262CD1CC37004E6261 /* Sources */ = {
			isa = PBXSourcesBuildPhase;
			buildActionMask = 2147483647;
			files = (
				27FFE52F2CD1CC37004E6261 /* ParrasDevUITests.swift in Sources */,
				27FFE5312CD1CC37004E6261 /* ParrasDevUITestsLaunchTests.swift in Sources */,
			);
			runOnlyForDeploymentPostprocessing = 0;
		};
/* End PBXSourcesBuildPhase section */

/* Begin PBXTargetDependency section */
		27FFE5222CD1CC37004E6261 /* PBXTargetDependency */ = {
			isa = PBXTargetDependency;
			target = 27FFE50F2CD1CC35004E6261 /* ParrasDev */;
			targetProxy = 27FFE5212CD1CC37004E6261 /* PBXContainerItemProxy */;
		};
		27FFE52C2CD1CC37004E6261 /* PBXTargetDependency */ = {
			isa = PBXTargetDependency;
			target = 27FFE50F2CD1CC35004E6261 /* ParrasDev */;
			targetProxy = 27FFE52B2CD1CC37004E6261 /* PBXContainerItemProxy */;
		};
/* End PBXTargetDependency section */

/* Begin XCBuildConfiguration section */
		27FFE5322CD1CC37004E6261 /* Debug */ = {
			isa = XCBuildConfiguration;
			buildSettings = {
				ALWAYS_SEARCH_USER_PATHS = NO;
				ASSETCATALOG_COMPILER_GENERATE_SWIFT_ASSET_SYMBOL_EXTENSIONS = YES;
				CLANG_ANALYZER_NONNULL = YES;
				CLANG_ANALYZER_NUMBER_OBJECT_CONVERSION = YES_AGGRESSIVE;
				CLANG_CXX_LANGUAGE_STANDARD = "gnu++20";
				CLANG_ENABLE_MODULES = YES;
				CLANG_ENABLE_OBJC_ARC = YES;
				CLANG_ENABLE_OBJC_WEAK = YES;
				CLANG_WARN_BLOCK_CAPTURE_AUTORELEASING = YES;
				CLANG_WARN_BOOL_CONVERSION = YES;
				CLANG_WARN_COMMA = YES;
				CLANG_WARN_CONSTANT_CONVERSION = YES;
				CLANG_WARN_DEPRECATED_OBJC_IMPLEMENTATIONS = YES;
				CLANG_WARN_DIRECT_OBJC_ISA_USAGE = YES_ERROR;
				CLANG_WARN_DOCUMENTATION_COMMENTS = YES;
				CLANG_WARN_EMPTY_BODY = YES;
				CLANG_WARN_ENUM_CONVERSION = YES;
				CLANG_WARN_INFINITE_RECURSION = YES;
				CLANG_WARN_INT_CONVERSION = YES;
				CLANG_WARN_NON_LITERAL_NULL_CONVERSION = YES;
				CLANG_WARN_OBJC_IMPLICIT_RETAIN_SELF = YES;
				CLANG_WARN_OBJC_LITERAL_CONVERSION = YES;
				CLANG_WARN_OBJC_ROOT_CLASS = YES_ERROR;
				CLANG_WARN_QUOTED_INCLUDE_IN_FRAMEWORK_HEADER = YES;
				CLANG_WARN_RANGE_LOOP_ANALYSIS = YES;
				CLANG_WARN_STRICT_PROTOTYPES = YES;
				CLANG_WARN_SUSPICIOUS_MOVE = YES;
				CLANG_WARN_UNGUARDED_AVAILABILITY = YES_AGGRESSIVE;
				CLANG_WARN_UNREACHABLE_CODE = YES;
				CLANG_WARN__DUPLICATE_METHOD_MATCH = YES;
				COPY_PHASE_STRIP = NO;
				DEBUG_INFORMATION_FORMAT = dwarf;
				ENABLE_STRICT_OBJC_MSGSEND = YES;
				ENABLE_TESTABILITY = YES;
				ENABLE_USER_SCRIPT_SANDBOXING = YES;
				GCC_C_LANGUAGE_STANDARD = gnu17;
				GCC_DYNAMIC_NO_PIC = NO;
				GCC_NO_COMMON_BLOCKS = YES;
				GCC_OPTIMIZATION_LEVEL = 0;
				GCC_PREPROCESSOR_DEFINITIONS = (
					"DEBUG=1",
					"$(inherited)",
				);
				GCC_WARN_64_TO_32_BIT_CONVERSION = YES;
				GCC_WARN_ABOUT_RETURN_TYPE = YES_ERROR;
				GCC_WARN_UNDECLARED_SELECTOR = YES;
				GCC_WARN_UNINITIALIZED_AUTOS = YES_AGGRESSIVE;
				GCC_WARN_UNUSED_FUNCTION = YES;
				GCC_WARN_UNUSED_VARIABLE = YES;
				IPHONEOS_DEPLOYMENT_TARGET = 17.5;
				LOCALIZATION_PREFERS_STRING_CATALOGS = YES;
				MTL_ENABLE_DEBUG_INFO = INCLUDE_SOURCE;
				MTL_FAST_MATH = YES;
				ONLY_ACTIVE_ARCH = YES;
				SDKROOT = iphoneos;
				SWIFT_ACTIVE_COMPILATION_CONDITIONS = "DEBUG $(inherited)";
				SWIFT_OPTIMIZATION_LEVEL = "-Onone";
			};
			name = Debug;
		};
		27FFE5332CD1CC37004E6261 /* Release */ = {
			isa = XCBuildConfiguration;
			buildSettings = {
				ALWAYS_SEARCH_USER_PATHS = NO;
				ASSETCATALOG_COMPILER_GENERATE_SWIFT_ASSET_SYMBOL_EXTENSIONS = YES;
				CLANG_ANALYZER_NONNULL = YES;
				CLANG_ANALYZER_NUMBER_OBJECT_CONVERSION = YES_AGGRESSIVE;
				CLANG_CXX_LANGUAGE_STANDARD = "gnu++20";
				CLANG_ENABLE_MODULES = YES;
				CLANG_ENABLE_OBJC_ARC = YES;
				CLANG_ENABLE_OBJC_WEAK = YES;
				CLANG_WARN_BLOCK_CAPTURE_AUTORELEASING = YES;
				CLANG_WARN_BOOL_CONVERSION = YES;
				CLANG_WARN_COMMA = YES;
				CLANG_WARN_CONSTANT_CONVERSION = YES;
				CLANG_WARN_DEPRECATED_OBJC_IMPLEMENTATIONS = YES;
				CLANG_WARN_DIRECT_OBJC_ISA_USAGE = YES_ERROR;
				CLANG_WARN_DOCUMENTATION_COMMENTS = YES;
				CLANG_WARN_EMPTY_BODY = YES;
				CLANG_WARN_ENUM_CONVERSION = YES;
				CLANG_WARN_INFINITE_RECURSION = YES;
				CLANG_WARN_INT_CONVERSION = YES;
				CLANG_WARN_NON_LITERAL_NULL_CONVERSION = YES;
				CLANG_WARN_OBJC_IMPLICIT_RETAIN_SELF = YES;
				CLANG_WARN_OBJC_LITERAL_CONVERSION = YES;
				CLANG_WARN_OBJC_ROOT_CLASS = YES_ERROR;
				CLANG_WARN_QUOTED_INCLUDE_IN_FRAMEWORK_HEADER = YES;
				CLANG_WARN_RANGE_LOOP_ANALYSIS = YES;
				CLANG_WARN_STRICT_PROTOTYPES = YES;
				CLANG_WARN_SUSPICIOUS_MOVE = YES;
				CLANG_WARN_UNGUARDED_AVAILABILITY = YES_AGGRESSIVE;
				CLANG_WARN_UNREACHABLE_CODE = YES;
				CLANG_WARN__DUPLICATE_METHOD_MATCH = YES;
				COPY_PHASE_STRIP = NO;
				DEBUG_INFORMATION_FORMAT = "dwarf-with-dsym";
				ENABLE_NS_ASSERTIONS = NO;
				ENABLE_STRICT_OBJC_MSGSEND = YES;
				ENABLE_USER_SCRIPT_SANDBOXING = YES;
				GCC_C_LANGUAGE_STANDARD = gnu17;
				GCC_NO_COMMON_BLOCKS = YES;
				GCC_WARN_64_TO_32_BIT_CONVERSION = YES;
				GCC_WARN_ABOUT_RETURN_TYPE = YES_ERROR;
				GCC_WARN_UNDECLARED_SELECTOR = YES;
				GCC_WARN_UNINITIALIZED_AUTOS = YES_AGGRESSIVE;
				GCC_WARN_UNUSED_FUNCTION = YES;
				GCC_WARN_UNUSED_VARIABLE = YES;
				IPHONEOS_DEPLOYMENT_TARGET = 17.5;
				LOCALIZATION_PREFERS_STRING_CATALOGS = YES;
				MTL_ENABLE_DEBUG_INFO = NO;
				MTL_FAST_MATH = YES;
				SDKROOT = iphoneos;
				SWIFT_COMPILATION_MODE = wholemodule;
				VALIDATE_PRODUCT = YES;
			};
			name = Release;
		};
		27FFE5352CD1CC37004E6261 /* Debug */ = {
			isa = XCBuildConfiguration;
			buildSettings = {
				ASSETCATALOG_COMPILER_APPICON_NAME = AppIcon;
				ASSETCATALOG_COMPILER_GLOBAL_ACCENT_COLOR_NAME = AccentColor;
				CODE_SIGN_STYLE = Automatic;
				CURRENT_PROJECT_VERSION = 1;
				DEVELOPMENT_ASSET_PATHS = "\"ParrasDev/Preview Content\"";
				ENABLE_PREVIEWS = YES;
				GENERATE_INFOPLIST_FILE = YES;
				INFOPLIST_KEY_UIApplicationSceneManifest_Generation = YES;
				INFOPLIST_KEY_UIApplicationSupportsIndirectInputEvents = YES;
				INFOPLIST_KEY_UILaunchScreen_Generation = YES;
				INFOPLIST_KEY_UISupportedInterfaceOrientations_iPad = "UIInterfaceOrientationPortrait UIInterfaceOrientationPortraitUpsideDown UIInterfaceOrientationLandscapeLeft UIInterfaceOrientationLandscapeRight";
				INFOPLIST_KEY_UISupportedInterfaceOrientations_iPhone = "UIInterfaceOrientationPortrait UIInterfaceOrientationLandscapeLeft UIInterfaceOrientationLandscapeRight";
				LD_RUNPATH_SEARCH_PATHS = (
					"$(inherited)",
					"@executable_path/Frameworks",
				);
				MARKETING_VERSION = 1.0;
				PRODUCT_BUNDLE_IDENTIFIER = news.ParrasDev;
				PRODUCT_NAME = "$(TARGET_NAME)";
				SWIFT_EMIT_LOC_STRINGS = YES;
				SWIFT_VERSION = 5.0;
				TARGETED_DEVICE_FAMILY = "1,2";
			};
			name = Debug;
		};
		27FFE5362CD1CC37004E6261 /* Release */ = {
			isa = XCBuildConfiguration;
			buildSettings = {
				ASSETCATALOG_COMPILER_APPICON_NAME = AppIcon;
				ASSETCATALOG_COMPILER_GLOBAL_ACCENT_COLOR_NAME = AccentColor;
				CODE_SIGN_STYLE = Automatic;
				CURRENT_PROJECT_VERSION = 1;
				DEVELOPMENT_ASSET_PATHS = "\"ParrasDev/Preview Content\"";
				ENABLE_PREVIEWS = YES;
				GENERATE_INFOPLIST_FILE = YES;
				INFOPLIST_KEY_UIApplicationSceneManifest_Generation = YES;
				INFOPLIST_KEY_UIApplicationSupportsIndirectInputEvents = YES;
				INFOPLIST_KEY_UILaunchScreen_Generation = YES;
				INFOPLIST_KEY_UISupportedInterfaceOrientations_iPad = "UIInterfaceOrientationPortrait UIInterfaceOrientationPortraitUpsideDown UIInterfaceOrientationLandscapeLeft UIInterfaceOrientationLandscapeRight";
				INFOPLIST_KEY_UISupportedInterfaceOrientations_iPhone = "UIInterfaceOrientationPortrait UIInterfaceOrientationLandscapeLeft UIInterfaceOrientationLandscapeRight";
				LD_RUNPATH_SEARCH_PATHS = (
					"$(inherited)",
					"@executable_path/Frameworks",
				);
				MARKETING_VERSION = 1.0;
				PRODUCT_BUNDLE_IDENTIFIER = news.ParrasDev;
				PRODUCT_NAME = "$(TARGET_NAME)";
				SWIFT_EMIT_LOC_STRINGS = YES;
				SWIFT_VERSION = 5.0;
				TARGETED_DEVICE_FAMILY = "1,2";
			};
			name = Release;
		};
		27FFE5382CD1CC37004E6261 /* Debug */ = {
			isa = XCBuildConfiguration;
			buildSettings = {
				ALWAYS_EMBED_SWIFT_STANDARD_LIBRARIES = YES;
				BUNDLE_LOADER = "$(TEST_HOST)";
				CODE_SIGN_STYLE = Automatic;
				CURRENT_PROJECT_VERSION = 1;
				GENERATE_INFOPLIST_FILE = YES;
				IPHONEOS_DEPLOYMENT_TARGET = 17.5;
				MARKETING_VERSION = 1.0;
				PRODUCT_BUNDLE_IDENTIFIER = news.ParrasDevTests;
				PRODUCT_NAME = "$(TARGET_NAME)";
				SWIFT_EMIT_LOC_STRINGS = NO;
				SWIFT_VERSION = 5.0;
				TARGETED_DEVICE_FAMILY = "1,2";
				TEST_HOST = "$(BUILT_PRODUCTS_DIR)/ParrasDev.app/$(BUNDLE_EXECUTABLE_FOLDER_PATH)/ParrasDev";
			};
			name = Debug;
		};
		27FFE5392CD1CC37004E6261 /* Release */ = {
			isa = XCBuildConfiguration;
			buildSettings = {
				ALWAYS_EMBED_SWIFT_STANDARD_LIBRARIES = YES;
				BUNDLE_LOADER = "$(TEST_HOST)";
				CODE_SIGN_STYLE = Automatic;
				CURRENT_PROJECT_VERSION = 1;
				GENERATE_INFOPLIST_FILE = YES;
				IPHONEOS_DEPLOYMENT_TARGET = 17.5;
				MARKETING_VERSION = 1.0;
				PRODUCT_BUNDLE_IDENTIFIER = news.ParrasDevTests;
				PRODUCT_NAME = "$(TARGET_NAME)";
				SWIFT_EMIT_LOC_STRINGS = NO;
				SWIFT_VERSION = 5.0;
				TARGETED_DEVICE_FAMILY = "1,2";
				TEST_HOST = "$(BUILT_PRODUCTS_DIR)/ParrasDev.app/$(BUNDLE_EXECUTABLE_FOLDER_PATH)/ParrasDev";
			};
			name = Release;
		};
		27FFE53B2CD1CC37004E6261 /* Debug */ = {
			isa = XCBuildConfiguration;
			buildSettings = {
				ALWAYS_EMBED_SWIFT_STANDARD_LIBRARIES = YES;
				CODE_SIGN_STYLE = Automatic;
				CURRENT_PROJECT_VERSION = 1;
				GENERATE_INFOPLIST_FILE = YES;
				MARKETING_VERSION = 1.0;
				PRODUCT_BUNDLE_IDENTIFIER = news.ParrasDevUITests;
				PRODUCT_NAME = "$(TARGET_NAME)";
				SWIFT_EMIT_LOC_STRINGS = NO;
				SWIFT_VERSION = 5.0;
				TARGETED_DEVICE_FAMILY = "1,2";
				TEST_TARGET_NAME = ParrasDev;
			};
			name = Debug;
		};
		27FFE53C2CD1CC37004E6261 /* Release */ = {
			isa = XCBuildConfiguration;
			buildSettings = {
				ALWAYS_EMBED_SWIFT_STANDARD_LIBRARIES = YES;
				CODE_SIGN_STYLE = Automatic;
				CURRENT_PROJECT_VERSION = 1;
				GENERATE_INFOPLIST_FILE = YES;
				MARKETING_VERSION = 1.0;
				PRODUCT_BUNDLE_IDENTIFIER = news.ParrasDevUITests;
				PRODUCT_NAME = "$(TARGET_NAME)";
				SWIFT_EMIT_LOC_STRINGS = NO;
				SWIFT_VERSION = 5.0;
				TARGETED_DEVICE_FAMILY = "1,2";
				TEST_TARGET_NAME = ParrasDev;
			};
			name = Release;
		};
/* End XCBuildConfiguration section */

/* Begin XCConfigurationList section */
		27FFE50B2CD1CC35004E6261 /* Build configuration list for PBXProject "ParrasDev" */ = {
			isa = XCConfigurationList;
			buildConfigurations = (
				27FFE5322CD1CC37004E6261 /* Debug */,
				27FFE5332CD1CC37004E6261 /* Release */,
			);
			defaultConfigurationIsVisible = 0;
			defaultConfigurationName = Release;
		};
		27FFE5342CD1CC37004E6261 /* Build configuration list for PBXNativeTarget "ParrasDev" */ = {
			isa = XCConfigurationList;
			buildConfigurations = (
				27FFE5352CD1CC37004E6261 /* Debug */,
				27FFE5362CD1CC37004E6261 /* Release */,
			);
			defaultConfigurationIsVisible = 0;
			defaultConfigurationName = Release;
		};
		27FFE5372CD1CC37004E6261 /* Build configuration list for PBXNativeTarget "ParrasDevTests" */ = {
			isa = XCConfigurationList;
			buildConfigurations = (
				27FFE5382CD1CC37004E6261 /* Debug */,
				27FFE5392CD1CC37004E6261 /* Release */,
			);
			defaultConfigurationIsVisible = 0;
			defaultConfigurationName = Release;
		};
		27FFE53A2CD1CC37004E6261 /* Build configuration list for PBXNativeTarget "ParrasDevUITests" */ = {
			isa = XCConfigurationList;
			buildConfigurations = (
				27FFE53B2CD1CC37004E6261 /* Debug */,
				27FFE53C2CD1CC37004E6261 /* Release */,
			);
			defaultConfigurationIsVisible = 0;
			defaultConfigurationName = Release;
		};
/* End XCConfigurationList section */

/* Begin XCRemoteSwiftPackageReference section */
		27FFE53D2CD1CCF0004E6261 /* XCRemoteSwiftPackageReference "firebase-ios-sdk" */ = {
			isa = XCRemoteSwiftPackageReference;
			repositoryURL = "https://github.com/firebase/firebase-ios-sdk";
			requirement = {
				kind = upToNextMajorVersion;
				minimumVersion = 11.4.0;
			};
		};
/* End XCRemoteSwiftPackageReference section */

/* Begin XCSwiftPackageProductDependency section */
		27FFE53E2CD1CCF0004E6261 /* FirebaseAuth */ = {
			isa = XCSwiftPackageProductDependency;
			package = 27FFE53D2CD1CCF0004E6261 /* XCRemoteSwiftPackageReference "firebase-ios-sdk" */;
			productName = FirebaseAuth;
		};
		27FFE5452CD35DD5004E6261 /* FirebaseCore */ = {
			isa = XCSwiftPackageProductDependency;
			package = 27FFE53D2CD1CCF0004E6261 /* XCRemoteSwiftPackageReference "firebase-ios-sdk" */;
			productName = FirebaseCore;
		};
		27FFE5522CD364FE004E6261 /* FirebaseAnalytics */ = {
			isa = XCSwiftPackageProductDependency;
			package = 27FFE53D2CD1CCF0004E6261 /* XCRemoteSwiftPackageReference "firebase-ios-sdk" */;
			productName = FirebaseAnalytics;
		};
		27FFE5542CD364FE004E6261 /* FirebaseAnalyticsWithoutAdIdSupport */ = {
			isa = XCSwiftPackageProductDependency;
			package = 27FFE53D2CD1CCF0004E6261 /* XCRemoteSwiftPackageReference "firebase-ios-sdk" */;
			productName = FirebaseAnalyticsWithoutAdIdSupport;
		};
/* End XCSwiftPackageProductDependency section */
	};
	rootObject = 27FFE5082CD1CC35004E6261 /* Project object */;
}
